
Microsoft Visual Studio Solution File, Format Version 12.00
# Visual Studio 15
VisualStudioVersion = 15.0.28010.2048
MinimumVisualStudioVersion = 10.0.40219.1
Project("{FAE04EC0-301F-11D3-BF4B-00C04F79EFBC}") = "test11.Android", "test11\test11.Android\test11.Android.csproj", "{E8C4D0EE-4298-4BC0-B5D5-7E3BA17B19D8}"
EndProject
Project("{FAE04EC0-301F-11D3-BF4B-00C04F79EFBC}") = "test11.iOS", "test11\test11.iOS\test11.iOS.csproj", "{012BE079-13A7-4C1C-A943-467A797462C5}"
EndProject
Project("{FAE04EC0-301F-11D3-BF4B-00C04F79EFBC}") = "test11.UWP", "test11\test11.UWP\test11.UWP.csproj", "{7FE5F821-3701-47C6-BD4E-242105386EFF}"
EndProject
Project("{9A19103F-16F7-4668-BE54-9A1E7A4F7556}") = "test11", "test11\test11\test11.csproj", "{93479496-FE8F-4340-BC86-7C0794633EAB}"
EndProject
Project("{FAE04EC0-301F-11D3-BF4B-00C04F79EFBC}") = "Sqlite", "Sqlite\Sqlite.csproj", "{9BE7E67A-3E61-41CA-B7A9-45541D1F5FB5}"
EndProject
Global
	GlobalSection(SolutionConfigurationPlatforms) = preSolution
		Debug|Any CPU = Debug|Any CPU
		Debug|ARM = Debug|ARM
		Debug|iPhone = Debug|iPhone
		Debug|iPhoneSimulator = Debug|iPhoneSimulator
		Debug|x64 = Debug|x64
		Debug|x86 = Debug|x86
		Release|Any CPU = Release|Any CPU
		Release|ARM = Release|ARM
		Release|iPhone = Release|iPhone
		Release|iPhoneSimulator = Release|iPhoneSimulator
		Release|x64 = Release|x64
		Release|x86 = Release|x86
	EndGlobalSection
	GlobalSection(ProjectConfigurationPlatforms) = postSolution
		{E8C4D0EE-4298-4BC0-B5D5-7E3BA17B19D8}.Debug|Any CPU.ActiveCfg = Debug|Any CPU
		{E8C4D0EE-4298-4BC0-B5D5-7E3BA17B19D8}.Debug|Any CPU.Build.0 = Debug|Any CPU
		{E8C4D0EE-4298-4BC0-B5D5-7E3BA17B19D8}.Debug|Any CPU.Deploy.0 = Debug|Any CPU
		{E8C4D0EE-4298-4BC0-B5D5-7E3BA17B19D8}.Debug|ARM.ActiveCfg = Debug|Any CPU
		{E8C4D0EE-4298-4BC0-B5D5-7E3BA17B19D8}.Debug|ARM.Build.0 = Debug|Any CPU
		{E8C4D0EE-4298-4BC0-B5D5-7E3BA17B19D8}.Debug|ARM.Deploy.0 = Debug|Any CPU
		{E8C4D0EE-4298-4BC0-B5D5-7E3BA17B19D8}.Debug|iPhone.ActiveCfg = Debug|Any CPU
		{E8C4D0EE-4298-4BC0-B5D5-7E3BA17B19D8}.Debug|iPhone.Build.0 = Debug|Any CPU
		{E8C4D0EE-4298-4BC0-B5D5-7E3BA17B19D8}.Debug|iPhone.Deploy.0 = Debug|Any CPU
		{E8C4D0EE-4298-4BC0-B5D5-7E3BA17B19D8}.Debug|iPhoneSimulator.ActiveCfg = Debug|Any CPU
		{E8C4D0EE-4298-4BC0-B5D5-7E3BA17B19D8}.Debug|iPhoneSimulator.Build.0 = Debug|Any CPU
		{E8C4D0EE-4298-4BC0-B5D5-7E3BA17B19D8}.Debug|iPhoneSimulator.Deploy.0 = Debug|Any CPU
		{E8C4D0EE-4298-4BC0-B5D5-7E3BA17B19D8}.Debug|x64.ActiveCfg = Debug|Any CPU
		{E8C4D0EE-4298-4BC0-B5D5-7E3BA17B19D8}.Debug|x64.Build.0 = Debug|Any CPU
		{E8C4D0EE-4298-4BC0-B5D5-7E3BA17B19D8}.Debug|x64.Deploy.0 = Debug|Any CPU
		{E8C4D0EE-4298-4BC0-B5D5-7E3BA17B19D8}.Debug|x86.ActiveCfg = Debug|Any CPU
		{E8C4D0EE-4298-4BC0-B5D5-7E3BA17B19D8}.Debug|x86.Build.0 = Debug|Any CPU
		{E8C4D0EE-4298-4BC0-B5D5-7E3BA17B19D8}.Debug|x86.Deploy.0 = Debug|Any CPU
		{E8C4D0EE-4298-4BC0-B5D5-7E3BA17B19D8}.Release|Any CPU.ActiveCfg = Release|Any CPU
		{E8C4D0EE-4298-4BC0-B5D5-7E3BA17B19D8}.Release|Any CPU.Build.0 = Release|Any CPU
		{E8C4D0EE-4298-4BC0-B5D5-7E3BA17B19D8}.Release|Any CPU.Deploy.0 = Release|Any CPU
		{E8C4D0EE-4298-4BC0-B5D5-7E3BA17B19D8}.Release|ARM.ActiveCfg = Release|Any CPU
		{E8C4D0EE-4298-4BC0-B5D5-7E3BA17B19D8}.Release|ARM.Build.0 = Release|Any CPU
		{E8C4D0EE-4298-4BC0-B5D5-7E3BA17B19D8}.Release|ARM.Deploy.0 = Release|Any CPU
		{E8C4D0EE-4298-4BC0-B5D5-7E3BA17B19D8}.Release|iPhone.ActiveCfg = Release|Any CPU
		{E8C4D0EE-4298-4BC0-B5D5-7E3BA17B19D8}.Release|iPhone.Build.0 = Release|Any CPU
		{E8C4D0EE-4298-4BC0-B5D5-7E3BA17B19D8}.Release|iPhone.Deploy.0 = Release|Any CPU
		{E8C4D0EE-4298-4BC0-B5D5-7E3BA17B19D8}.Release|iPhoneSimulator.ActiveCfg = Release|Any CPU
		{E8C4D0EE-4298-4BC0-B5D5-7E3BA17B19D8}.Release|iPhoneSimulator.Build.0 = Release|Any CPU
		{E8C4D0EE-4298-4BC0-B5D5-7E3BA17B19D8}.Release|iPhoneSimulator.Deploy.0 = Release|Any CPU
		{E8C4D0EE-4298-4BC0-B5D5-7E3BA17B19D8}.Release|x64.ActiveCfg = Release|Any CPU
		{E8C4D0EE-4298-4BC0-B5D5-7E3BA17B19D8}.Release|x64.Build.0 = Release|Any CPU
		{E8C4D0EE-4298-4BC0-B5D5-7E3BA17B19D8}.Release|x64.Deploy.0 = Release|Any CPU
		{E8C4D0EE-4298-4BC0-B5D5-7E3BA17B19D8}.Release|x86.ActiveCfg = Release|Any CPU
		{E8C4D0EE-4298-4BC0-B5D5-7E3BA17B19D8}.Release|x86.Build.0 = Release|Any CPU
		{E8C4D0EE-4298-4BC0-B5D5-7E3BA17B19D8}.Release|x86.Deploy.0 = Release|Any CPU
		{012BE079-13A7-4C1C-A943-467A797462C5}.Debug|Any CPU.ActiveCfg = Debug|iPhoneSimulator
		{012BE079-13A7-4C1C-A943-467A797462C5}.Debug|Any CPU.Build.0 = Debug|iPhoneSimulator
		{012BE079-13A7-4C1C-A943-467A797462C5}.Debug|Any CPU.Deploy.0 = Debug|iPhoneSimulator
		{012BE079-13A7-4C1C-A943-467A797462C5}.Debug|ARM.ActiveCfg = Debug|iPhone
		{012BE079-13A7-4C1C-A943-467A797462C5}.Debug|ARM.Build.0 = Debug|iPhone
		{012BE079-13A7-4C1C-A943-467A797462C5}.Debug|ARM.Deploy.0 = Debug|iPhone
		{012BE079-13A7-4C1C-A943-467A797462C5}.Debug|iPhone.ActiveCfg = Debug|iPhone
		{012BE079-13A7-4C1C-A943-467A797462C5}.Debug|iPhone.Build.0 = Debug|iPhone
		{012BE079-13A7-4C1C-A943-467A797462C5}.Debug|iPhone.Deploy.0 = Debug|iPhone
		{012BE079-13A7-4C1C-A943-467A797462C5}.Debug|iPhoneSimulator.ActiveCfg = Debug|iPhoneSimulator
		{012BE079-13A7-4C1C-A943-467A797462C5}.Debug|iPhoneSimulator.Build.0 = Debug|iPhoneSimulator
		{012BE079-13A7-4C1C-A943-467A797462C5}.Debug|iPhoneSimulator.Deploy.0 = Debug|iPhoneSimulator
		{012BE079-13A7-4C1C-A943-467A797462C5}.Debug|x64.ActiveCfg = Debug|iPhone
		{012BE079-13A7-4C1C-A943-467A797462C5}.Debug|x64.Build.0 = Debug|iPhone
		{012BE079-13A7-4C1C-A943-467A797462C5}.Debug|x64.Deploy.0 = Debug|iPhone
		{012BE079-13A7-4C1C-A943-467A797462C5}.Debug|x86.ActiveCfg = Debug|iPhone
		{012BE079-13A7-4C1C-A943-467A797462C5}.Debug|x86.Build.0 = Debug|iPhone
		{012BE079-13A7-4C1C-A943-467A797462C5}.Debug|x86.Deploy.0 = Debug|iPhone
		{012BE079-13A7-4C1C-A943-467A797462C5}.Release|Any CPU.ActiveCfg = Release|iPhone
		{012BE079-13A7-4C1C-A943-467A797462C5}.Release|Any CPU.Build.0 = Release|iPhone
		{012BE079-13A7-4C1C-A943-467A797462C5}.Release|Any CPU.Deploy.0 = Release|iPhone
		{012BE079-13A7-4C1C-A943-467A797462C5}.Release|ARM.ActiveCfg = Release|iPhone
		{012BE079-13A7-4C1C-A943-467A797462C5}.Release|ARM.Build.0 = Release|iPhone
		{012BE079-13A7-4C1C-A943-467A797462C5}.Release|ARM.Deploy.0 = Release|iPhone
		{012BE079-13A7-4C1C-A943-467A797462C5}.Release|iPhone.ActiveCfg = Release|iPhone
		{012BE079-13A7-4C1C-A943-467A797462C5}.Release|iPhone.Build.0 = Release|iPhone
		{012BE079-13A7-4C1C-A943-467A797462C5}.Release|iPhone.Deploy.0 = Release|iPhone
		{012BE079-13A7-4C1C-A943-467A797462C5}.Release|iPhoneSimulator.ActiveCfg = Release|iPhoneSimulator
		{012BE079-13A7-4C1C-A943-467A797462C5}.Release|iPhoneSimulator.Build.0 = Release|iPhoneSimulator
		{012BE079-13A7-4C1C-A943-467A797462C5}.Release|iPhoneSimulator.Deploy.0 = Release|iPhoneSimulator
		{012BE079-13A7-4C1C-A943-467A797462C5}.Release|x64.ActiveCfg = Release|iPhone
		{012BE079-13A7-4C1C-A943-467A797462C5}.Release|x64.Build.0 = Release|iPhone
		{012BE079-13A7-4C1C-A943-467A797462C5}.Release|x64.Deploy.0 = Release|iPhone
		{012BE079-13A7-4C1C-A943-467A797462C5}.Release|x86.ActiveCfg = Release|iPhone
		{012BE079-13A7-4C1C-A943-467A797462C5}.Release|x86.Build.0 = Release|iPhone
		{012BE079-13A7-4C1C-A943-467A797462C5}.Release|x86.Deploy.0 = Release|iPhone
		{7FE5F821-3701-47C6-BD4E-242105386EFF}.Debug|Any CPU.ActiveCfg = Debug|x86
		{7FE5F821-3701-47C6-BD4E-242105386EFF}.Debug|Any CPU.Build.0 = Debug|x86
		{7FE5F821-3701-47C6-BD4E-242105386EFF}.Debug|Any CPU.Deploy.0 = Debug|x86
		{7FE5F821-3701-47C6-BD4E-242105386EFF}.Debug|ARM.ActiveCfg = Debug|ARM
		{7FE5F821-3701-47C6-BD4E-242105386EFF}.Debug|ARM.Build.0 = Debug|ARM
		{7FE5F821-3701-47C6-BD4E-242105386EFF}.Debug|ARM.Deploy.0 = Debug|ARM
		{7FE5F821-3701-47C6-BD4E-242105386EFF}.Debug|iPhone.ActiveCfg = Debug|x86
		{7FE5F821-3701-47C6-BD4E-242105386EFF}.Debug|iPhone.Build.0 = Debug|x86
		{7FE5F821-3701-47C6-BD4E-242105386EFF}.Debug|iPhone.Deploy.0 = Debug|x86
		{7FE5F821-3701-47C6-BD4E-242105386EFF}.Debug|iPhoneSimulator.ActiveCfg = Debug|x86
		{7FE5F821-3701-47C6-BD4E-242105386EFF}.Debug|iPhoneSimulator.Build.0 = Debug|x86
		{7FE5F821-3701-47C6-BD4E-242105386EFF}.Debug|iPhoneSimulator.Deploy.0 = Debug|x86
		{7FE5F821-3701-47C6-BD4E-242105386EFF}.Debug|x64.ActiveCfg = Debug|x64
		{7FE5F821-3701-47C6-BD4E-242105386EFF}.Debug|x64.Build.0 = Debug|x64
		{7FE5F821-3701-47C6-BD4E-242105386EFF}.Debug|x64.Deploy.0 = Debug|x64
		{7FE5F821-3701-47C6-BD4E-242105386EFF}.Debug|x86.ActiveCfg = Debug|x86
		{7FE5F821-3701-47C6-BD4E-242105386EFF}.Debug|x86.Build.0 = Debug|x86
		{7FE5F821-3701-47C6-BD4E-242105386EFF}.Debug|x86.Deploy.0 = Debug|x86
		{7FE5F821-3701-47C6-BD4E-242105386EFF}.Release|Any CPU.ActiveCfg = Release|x86
		{7FE5F821-3701-47C6-BD4E-242105386EFF}.Release|Any CPU.Build.0 = Release|x86
		{7FE5F821-3701-47C6-BD4E-242105386EFF}.Release|Any CPU.Deploy.0 = Release|x86
		{7FE5F821-3701-47C6-BD4E-242105386EFF}.Release|ARM.ActiveCfg = Release|ARM
		{7FE5F821-3701-47C6-BD4E-242105386EFF}.Release|ARM.Build.0 = Release|ARM
		{7FE5F821-3701-47C6-BD4E-242105386EFF}.Release|ARM.Deploy.0 = Release|ARM
		{7FE5F821-3701-47C6-BD4E-242105386EFF}.Release|iPhone.ActiveCfg = Release|x86
		{7FE5F821-3701-47C6-BD4E-242105386EFF}.Release|iPhone.Build.0 = Release|x86
		{7FE5F821-3701-47C6-BD4E-242105386EFF}.Release|iPhone.Deploy.0 = Release|x86
		{7FE5F821-3701-47C6-BD4E-242105386EFF}.Release|iPhoneSimulator.ActiveCfg = Release|x86
		{7FE5F821-3701-47C6-BD4E-242105386EFF}.Release|iPhoneSimulator.Build.0 = Release|x86
		{7FE5F821-3701-47C6-BD4E-242105386EFF}.Release|iPhoneSimulator.Deploy.0 = Release|x86
		{7FE5F821-3701-47C6-BD4E-242105386EFF}.Release|x64.ActiveCfg = Release|x64
		{7FE5F821-3701-47C6-BD4E-242105386EFF}.Release|x64.Build.0 = Release|x64
		{7FE5F821-3701-47C6-BD4E-242105386EFF}.Release|x64.Deploy.0 = Release|x64
		{7FE5F821-3701-47C6-BD4E-242105386EFF}.Release|x86.ActiveCfg = Release|x86
		{7FE5F821-3701-47C6-BD4E-242105386EFF}.Release|x86.Build.0 = Release|x86
		{7FE5F821-3701-47C6-BD4E-242105386EFF}.Release|x86.Deploy.0 = Release|x86
		{93479496-FE8F-4340-BC86-7C0794633EAB}.Debug|Any CPU.ActiveCfg = Debug|Any CPU
		{93479496-FE8F-4340-BC86-7C0794633EAB}.Debug|Any CPU.Build.0 = Debug|Any CPU
		{93479496-FE8F-4340-BC86-7C0794633EAB}.Debug|Any CPU.Deploy.0 = Debug|Any CPU
		{93479496-FE8F-4340-BC86-7C0794633EAB}.Debug|ARM.ActiveCfg = Debug|Any CPU
		{93479496-FE8F-4340-BC86-7C0794633EAB}.Debug|ARM.Build.0 = Debug|Any CPU
		{93479496-FE8F-4340-BC86-7C0794633EAB}.Debug|ARM.Deploy.0 = Debug|Any CPU
		{93479496-FE8F-4340-BC86-7C0794633EAB}.Debug|iPhone.ActiveCfg = Debug|Any CPU
		{93479496-FE8F-4340-BC86-7C0794633EAB}.Debug|iPhone.Build.0 = Debug|Any CPU
		{93479496-FE8F-4340-BC86-7C0794633EAB}.Debug|iPhone.Deploy.0 = Debug|Any CPU
		{93479496-FE8F-4340-BC86-7C0794633EAB}.Debug|iPhoneSimulator.ActiveCfg = Debug|Any CPU
		{93479496-FE8F-4340-BC86-7C0794633EAB}.Debug|iPhoneSimulator.Build.0 = Debug|Any CPU
		{93479496-FE8F-4340-BC86-7C0794633EAB}.Debug|iPhoneSimulator.Deploy.0 = Debug|Any CPU
		{93479496-FE8F-4340-BC86-7C0794633EAB}.Debug|x64.ActiveCfg = Debug|Any CPU
		{93479496-FE8F-4340-BC86-7C0794633EAB}.Debug|x64.Build.0 = Debug|Any CPU
		{93479496-FE8F-4340-BC86-7C0794633EAB}.Debug|x64.Deploy.0 = Debug|Any CPU
		{93479496-FE8F-4340-BC86-7C0794633EAB}.Debug|x86.ActiveCfg = Debug|Any CPU
		{93479496-FE8F-4340-BC86-7C0794633EAB}.Debug|x86.Build.0 = Debug|Any CPU
		{93479496-FE8F-4340-BC86-7C0794633EAB}.Debug|x86.Deploy.0 = Debug|Any CPU
		{93479496-FE8F-4340-BC86-7C0794633EAB}.Release|Any CPU.ActiveCfg = Release|Any CPU
		{93479496-FE8F-4340-BC86-7C0794633EAB}.Release|Any CPU.Build.0 = Release|Any CPU
		{93479496-FE8F-4340-BC86-7C0794633EAB}.Release|Any CPU.Deploy.0 = Release|Any CPU
		{93479496-FE8F-4340-BC86-7C0794633EAB}.Release|ARM.ActiveCfg = Release|Any CPU
		{93479496-FE8F-4340-BC86-7C0794633EAB}.Release|ARM.Build.0 = Release|Any CPU
		{93479496-FE8F-4340-BC86-7C0794633EAB}.Release|ARM.Deploy.0 = Release|Any CPU
		{93479496-FE8F-4340-BC86-7C0794633EAB}.Release|iPhone.ActiveCfg = Release|Any CPU
		{93479496-FE8F-4340-BC86-7C0794633EAB}.Release|iPhone.Build.0 = Release|Any CPU
		{93479496-FE8F-4340-BC86-7C0794633EAB}.Release|iPhone.Deploy.0 = Release|Any CPU
		{93479496-FE8F-4340-BC86-7C0794633EAB}.Release|iPhoneSimulator.ActiveCfg = Release|Any CPU
		{93479496-FE8F-4340-BC86-7C0794633EAB}.Release|iPhoneSimulator.Build.0 = Release|Any CPU
		{93479496-FE8F-4340-BC86-7C0794633EAB}.Release|iPhoneSimulator.Deploy.0 = Release|Any CPU
		{93479496-FE8F-4340-BC86-7C0794633EAB}.Release|x64.ActiveCfg = Release|Any CPU
		{93479496-FE8F-4340-BC86-7C0794633EAB}.Release|x64.Build.0 = Release|Any CPU
		{93479496-FE8F-4340-BC86-7C0794633EAB}.Release|x64.Deploy.0 = Release|Any CPU
		{93479496-FE8F-4340-BC86-7C0794633EAB}.Release|x86.ActiveCfg = Release|Any CPU
		{93479496-FE8F-4340-BC86-7C0794633EAB}.Release|x86.Build.0 = Release|Any CPU
		{93479496-FE8F-4340-BC86-7C0794633EAB}.Release|x86.Deploy.0 = Release|Any CPU
		{9BE7E67A-3E61-41CA-B7A9-45541D1F5FB5}.Debug|Any CPU.ActiveCfg = Debug|Any CPU
		{9BE7E67A-3E61-41CA-B7A9-45541D1F5FB5}.Debug|Any CPU.Build.0 = Debug|Any CPU
		{9BE7E67A-3E61-41CA-B7A9-45541D1F5FB5}.Debug|ARM.ActiveCfg = Debug|Any CPU
		{9BE7E67A-3E61-41CA-B7A9-45541D1F5FB5}.Debug|ARM.Build.0 = Debug|Any CPU
		{9BE7E67A-3E61-41CA-B7A9-45541D1F5FB5}.Debug|iPhone.ActiveCfg = Debug|Any CPU
		{9BE7E67A-3E61-41CA-B7A9-45541D1F5FB5}.Debug|iPhone.Build.0 = Debug|Any CPU
		{9BE7E67A-3E61-41CA-B7A9-45541D1F5FB5}.Debug|iPhoneSimulator.ActiveCfg = Debug|Any CPU
		{9BE7E67A-3E61-41CA-B7A9-45541D1F5FB5}.Debug|iPhoneSimulator.Build.0 = Debug|Any CPU
		{9BE7E67A-3E61-41CA-B7A9-45541D1F5FB5}.Debug|x64.ActiveCfg = Debug|Any CPU
		{9BE7E67A-3E61-41CA-B7A9-45541D1F5FB5}.Debug|x64.Build.0 = Debug|Any CPU
		{9BE7E67A-3E61-41CA-B7A9-45541D1F5FB5}.Debug|x86.ActiveCfg = Debug|Any CPU
		{9BE7E67A-3E61-41CA-B7A9-45541D1F5FB5}.Debug|x86.Build.0 = Debug|Any CPU
		{9BE7E67A-3E61-41CA-B7A9-45541D1F5FB5}.Release|Any CPU.ActiveCfg = Release|Any CPU
		{9BE7E67A-3E61-41CA-B7A9-45541D1F5FB5}.Release|Any CPU.Build.0 = Release|Any CPU
		{9BE7E67A-3E61-41CA-B7A9-45541D1F5FB5}.Release|ARM.ActiveCfg = Release|Any CPU
		{9BE7E67A-3E61-41CA-B7A9-45541D1F5FB5}.Release|ARM.Build.0 = Release|Any CPU
		{9BE7E67A-3E61-41CA-B7A9-45541D1F5FB5}.Release|iPhone.ActiveCfg = Release|Any CPU
		{9BE7E67A-3E61-41CA-B7A9-45541D1F5FB5}.Release|iPhone.Build.0 = Release|Any CPU
		{9BE7E67A-3E61-41CA-B7A9-45541D1F5FB5}.Release|iPhoneSimulator.ActiveCfg = Release|Any CPU
		{9BE7E67A-3E61-41CA-B7A9-45541D1F5FB5}.Release|iPhoneSimulator.Build.0 = Release|Any CPU
		{9BE7E67A-3E61-41CA-B7A9-45541D1F5FB5}.Release|x64.ActiveCfg = Release|Any CPU
		{9BE7E67A-3E61-41CA-B7A9-45541D1F5FB5}.Release|x64.Build.0 = Release|Any CPU
		{9BE7E67A-3E61-41CA-B7A9-45541D1F5FB5}.Release|x86.ActiveCfg = Release|Any CPU
		{9BE7E67A-3E61-41CA-B7A9-45541D1F5FB5}.Release|x86.Build.0 = Release|Any CPU
	EndGlobalSection
	GlobalSection(SolutionProperties) = preSolution
		HideSolutionNode = FALSE
	EndGlobalSection
	GlobalSection(ExtensibilityGlobals) = postSolution
		SolutionGuid = {227CC75E-3CC0-42ED-A875-D4A28C5D8243}
	EndGlobalSection
EndGlobal
